# THIS IS AN AUTOGENERATED FILE. DO NOT EDIT THIS FILE DIRECTLY.
# yarn lockfile v1


cross-fetch@^3.0.0:
  version "3.0.1"
  resolved "https://registry.yarnpkg.com/cross-fetch/-/cross-fetch-3.0.1.tgz#3f207bbd829a76e9aa2a953348bd1f2a3cf388a7"
  integrity sha512-qWtpgBAF8ioqBOddRD+pHhrdzm/UWOArkrlIU7c08DlNbOxo5GfUbSY2vr90ZypWf0raW+HNN1F38pi5CEOjiQ==
  dependencies:
    node-fetch "2.3.0"
    whatwg-fetch "3.0.0"

node-fetch@2.3.0:
  version "2.3.0"
  resolved "https://registry.yarnpkg.com/node-fetch/-/node-fetch-2.3.0.tgz#1a1d940bbfb916a1d3e0219f037e89e71f8c5fa5"
  integrity sha512-MOd8pV3fxENbryESLgVIeaGKrdl+uaYhCSSVkjeOb/31/njTpcis5aWfdqgNlHIrKOLRbMnfPINPOML2CIFeXA==

oauth-1.0a@^2.2.4:
  version "2.2.5"
  resolved "https://registry.yarnpkg.com/oauth-1.0a/-/oauth-1.0a-2.2.5.tgz#943ee55a5c0db5c21143ec27e2f56c6d0e2a5e54"
  integrity sha512-7Y4Gs+2dPOjrlJDzEPdpuH46gzgYeVF7CKOOQNpWKz1nlbWn2rqKSt3oF0By6KxudbOQATEUY74SphuTN0grPg==

twitter-lite@^0.9.1:
  version "0.9.1"
  resolved "https://registry.yarnpkg.com/twitter-lite/-/twitter-lite-0.9.1.tgz#bab7a2ff5652d29df7327a9a278d26e1fdc2f8f4"
  integrity sha512-r3MKBYxTgYjaWjwK8Ewb5M7brYMQd19BloV0/lcx1BPE9LTohO0PYtyC85XJjxK6HFi5WPGxpK4qpjSqgjvz2w==
  dependencies:
    cross-fetch "^3.0.0"
    oauth-1.0a "^2.2.4"

whatwg-fetch@3.0.0:
  version "3.0.0"
  resolved "https://registry.yarnpkg.com/whatwg-fetch/-/whatwg-fetch-3.0.0.tgz#fc804e458cc460009b1a2b966bc8817d2578aefb"
  integrity sha512-9GSJUgz1D4MfyKU7KRqwOjXCXTqWdFNvEr7eUBYchQiVc744mqK/MzXPNR2WsPkmkOa4ywfg8C2n8h+13Bey1Q==
